
Microsoft Visual Studio Solution File, Format Version 12.00
# Visual Studio 15
VisualStudioVersion = 15.0.28307.572
MinimumVisualStudioVersion = 10.0.40219.1
Project("{FAE04EC0-301F-11D3-BF4B-00C04F79EFBC}") = "EquipmentRental", "EquipmentRental\EquipmentRental.csproj", "{BDFA6BF2-B910-4D7C-B195-4CABD779E295}"
EndProject
Project("{FAE04EC0-301F-11D3-BF4B-00C04F79EFBC}") = "EquipmentRental.Core", "..\EquipmentRental.Core\EquipmentRental.Core.csproj", "{411F792E-A16C-4740-A3A3-E91190D9D03C}"
EndProject
Project("{FAE04EC0-301F-11D3-BF4B-00C04F79EFBC}") = "EquipmentRental.Domain", "EquipmentRental.Domain\EquipmentRental.Domain.csproj", "{B8CD5F05-407A-45E0-AAED-96A0B7319D4F}"
EndProject
Project("{2150E333-8FDC-42A3-9474-1A3956D46DE8}") = "Tests", "Tests", "{1CDDEDCA-9925-4E14-8B7B-225FF0226E85}"
EndProject
Project("{FAE04EC0-301F-11D3-BF4B-00C04F79EFBC}") = "EquipmentRental.Tests", "EquipmentRental.Tests\EquipmentRental.Tests.csproj", "{88DBE322-C943-45AB-8A59-3716CACE128F}"
EndProject
Project("{FAE04EC0-301F-11D3-BF4B-00C04F79EFBC}") = "EquipmentRental.Repository", "EquipmentRental.Repository\EquipmentRental.Repository.csproj", "{DD16EE9A-917C-44FC-90CC-76A4C5C4C92E}"
EndProject
Global
	GlobalSection(SolutionConfigurationPlatforms) = preSolution
		Debug|Any CPU = Debug|Any CPU
		Release|Any CPU = Release|Any CPU
	EndGlobalSection
	GlobalSection(ProjectConfigurationPlatforms) = postSolution
		{BDFA6BF2-B910-4D7C-B195-4CABD779E295}.Debug|Any CPU.ActiveCfg = Debug|Any CPU
		{BDFA6BF2-B910-4D7C-B195-4CABD779E295}.Debug|Any CPU.Build.0 = Debug|Any CPU
		{BDFA6BF2-B910-4D7C-B195-4CABD779E295}.Release|Any CPU.ActiveCfg = Release|Any CPU
		{BDFA6BF2-B910-4D7C-B195-4CABD779E295}.Release|Any CPU.Build.0 = Release|Any CPU
		{411F792E-A16C-4740-A3A3-E91190D9D03C}.Debug|Any CPU.ActiveCfg = Debug|Any CPU
		{411F792E-A16C-4740-A3A3-E91190D9D03C}.Debug|Any CPU.Build.0 = Debug|Any CPU
		{411F792E-A16C-4740-A3A3-E91190D9D03C}.Release|Any CPU.ActiveCfg = Release|Any CPU
		{411F792E-A16C-4740-A3A3-E91190D9D03C}.Release|Any CPU.Build.0 = Release|Any CPU
		{B8CD5F05-407A-45E0-AAED-96A0B7319D4F}.Debug|Any CPU.ActiveCfg = Debug|Any CPU
		{B8CD5F05-407A-45E0-AAED-96A0B7319D4F}.Debug|Any CPU.Build.0 = Debug|Any CPU
		{B8CD5F05-407A-45E0-AAED-96A0B7319D4F}.Release|Any CPU.ActiveCfg = Release|Any CPU
		{B8CD5F05-407A-45E0-AAED-96A0B7319D4F}.Release|Any CPU.Build.0 = Release|Any CPU
		{88DBE322-C943-45AB-8A59-3716CACE128F}.Debug|Any CPU.ActiveCfg = Debug|Any CPU
		{88DBE322-C943-45AB-8A59-3716CACE128F}.Debug|Any CPU.Build.0 = Debug|Any CPU
		{88DBE322-C943-45AB-8A59-3716CACE128F}.Release|Any CPU.ActiveCfg = Release|Any CPU
		{88DBE322-C943-45AB-8A59-3716CACE128F}.Release|Any CPU.Build.0 = Release|Any CPU
		{DD16EE9A-917C-44FC-90CC-76A4C5C4C92E}.Debug|Any CPU.ActiveCfg = Debug|Any CPU
		{DD16EE9A-917C-44FC-90CC-76A4C5C4C92E}.Debug|Any CPU.Build.0 = Debug|Any CPU
		{DD16EE9A-917C-44FC-90CC-76A4C5C4C92E}.Release|Any CPU.ActiveCfg = Release|Any CPU
		{DD16EE9A-917C-44FC-90CC-76A4C5C4C92E}.Release|Any CPU.Build.0 = Release|Any CPU
	EndGlobalSection
	GlobalSection(SolutionProperties) = preSolution
		HideSolutionNode = FALSE
	EndGlobalSection
	GlobalSection(NestedProjects) = preSolution
		{88DBE322-C943-45AB-8A59-3716CACE128F} = {1CDDEDCA-9925-4E14-8B7B-225FF0226E85}
	EndGlobalSection
	GlobalSection(ExtensibilityGlobals) = postSolution
		SolutionGuid = {BC61741F-34C9-42E1-88F5-03FAD712FF4E}
	EndGlobalSection
EndGlobal
